
Microsoft Visual Studio Solution File, Format Version 12.00
Project("{FAE04EC0-301F-11D3-BF4B-00C04F79EFBC}") = "matriz-simetrica", "matriz-simetrica\matriz-simetrica.csproj", "{4813F8F4-0B21-47CB-90BA-5104B633BEFB}"
EndProject
Global
	GlobalSection(SolutionConfigurationPlatforms) = preSolution
		Debug|Any CPU = Debug|Any CPU
		Release|Any CPU = Release|Any CPU
	EndGlobalSection
	GlobalSection(ProjectConfigurationPlatforms) = postSolution
		{4813F8F4-0B21-47CB-90BA-5104B633BEFB}.Debug|Any CPU.ActiveCfg = Debug|Any CPU
		{4813F8F4-0B21-47CB-90BA-5104B633BEFB}.Debug|Any CPU.Build.0 = Debug|Any CPU
		{4813F8F4-0B21-47CB-90BA-5104B633BEFB}.Release|Any CPU.ActiveCfg = Release|Any CPU
		{4813F8F4-0B21-47CB-90BA-5104B633BEFB}.Release|Any CPU.Build.0 = Release|Any CPU
	EndGlobalSection
EndGlobal
